
Microsoft Visual Studio Solution File, Format Version 12.00
# Visual Studio Version 16
VisualStudioVersion = 16.0.29728.190
MinimumVisualStudioVersion = 10.0.40219.1
Project("{FAE04EC0-301F-11D3-BF4B-00C04F79EFBC}") = "MicroCloud.API.ClientSide", "MicroCloud.API.ClientSide\MicroCloud.API.ClientSide.csproj", "{42F5D610-74F4-4F10-A673-88C8D13F97E6}"
EndProject
Project("{FAE04EC0-301F-11D3-BF4B-00C04F79EFBC}") = "MicroCloud.API.CloudSide", "MicroCloud.API.CloudSide\MicroCloud.API.CloudSide.csproj", "{394F594B-4E3D-4652-818E-C6237F2B32EF}"
EndProject
Project("{FAE04EC0-301F-11D3-BF4B-00C04F79EFBC}") = "MicroCloud.API.BL", "MicroCloud.API.BL\MicroCloud.API.BL.csproj", "{380C82BC-F01A-4B5B-8954-CCAAD4CAAF14}"
EndProject
Global
	GlobalSection(SolutionConfigurationPlatforms) = preSolution
		Debug|Any CPU = Debug|Any CPU
		Release|Any CPU = Release|Any CPU
	EndGlobalSection
	GlobalSection(ProjectConfigurationPlatforms) = postSolution
		{42F5D610-74F4-4F10-A673-88C8D13F97E6}.Debug|Any CPU.ActiveCfg = Debug|Any CPU
		{42F5D610-74F4-4F10-A673-88C8D13F97E6}.Debug|Any CPU.Build.0 = Debug|Any CPU
		{42F5D610-74F4-4F10-A673-88C8D13F97E6}.Release|Any CPU.ActiveCfg = Release|Any CPU
		{42F5D610-74F4-4F10-A673-88C8D13F97E6}.Release|Any CPU.Build.0 = Release|Any CPU
		{394F594B-4E3D-4652-818E-C6237F2B32EF}.Debug|Any CPU.ActiveCfg = Debug|Any CPU
		{394F594B-4E3D-4652-818E-C6237F2B32EF}.Debug|Any CPU.Build.0 = Debug|Any CPU
		{394F594B-4E3D-4652-818E-C6237F2B32EF}.Release|Any CPU.ActiveCfg = Release|Any CPU
		{394F594B-4E3D-4652-818E-C6237F2B32EF}.Release|Any CPU.Build.0 = Release|Any CPU
		{380C82BC-F01A-4B5B-8954-CCAAD4CAAF14}.Debug|Any CPU.ActiveCfg = Debug|Any CPU
		{380C82BC-F01A-4B5B-8954-CCAAD4CAAF14}.Debug|Any CPU.Build.0 = Debug|Any CPU
		{380C82BC-F01A-4B5B-8954-CCAAD4CAAF14}.Release|Any CPU.ActiveCfg = Release|Any CPU
		{380C82BC-F01A-4B5B-8954-CCAAD4CAAF14}.Release|Any CPU.Build.0 = Release|Any CPU
	EndGlobalSection
	GlobalSection(SolutionProperties) = preSolution
		HideSolutionNode = FALSE
	EndGlobalSection
	GlobalSection(ExtensibilityGlobals) = postSolution
		SolutionGuid = {E226C526-B3E3-4646-9FD4-E96A25BB310B}
	EndGlobalSection
EndGlobal
